{
  "name": "npm",
  "version": "1.0.0",
  "lockfileVersion": 2,
  "requires": true,
  "packages": {
    "": {
      "name": "npm",
      "version": "1.0.0",
      "license": "ISC",
      "dependencies": {
        "clock": "^1.0.2"
      }
    },
    "node_modules/clock": {
      "version": "1.0.2",
      "resolved": "https://registry.npmjs.org/clock/-/clock-1.0.2.tgz",
      "integrity": "sha512-IfZHm4xXgHCij1NgGkE8IeoP3/WVV3tVXciaWkZTqbzPtG4JD9cET0a/LNcclVJfqgXyhgPwoRdDp5glvS/lIQ=="
    }
  },
  "dependencies": {
    "clock": {
      "version": "1.0.2",
      "resolved": "https://registry.npmjs.org/clock/-/clock-1.0.2.tgz",
      "integrity": "sha512-IfZHm4xXgHCij1NgGkE8IeoP3/WVV3tVXciaWkZTqbzPtG4JD9cET0a/LNcclVJfqgXyhgPwoRdDp5glvS/lIQ=="
    }
  }
}
